dmitri.shuralyov.com/gpu/mtl v0.0.0-20221208032759-85de2813cf6b h1:a26Bdkl2B9PmYN6vGXnnfB2UGKjz0Moif1aEg+xTd7M=
dmitri.shuralyov.com/gpu/mtl v0.0.0-20221208032759-85de2813cf6b/go.mod h1:H6x//7gZCb22OMCxBHrMx7a5I7Hp++hsVxbQ4BYO7hU=
github.com/BurntSushi/freetype-go v0.0.0-20160129220410-b763ddbfe298/go.mod h1:D+QujdIlUNfa0igpNMk6UIvlb6C252URs4yupRUV4lQ=
github.com/BurntSushi/graphics-go v0.0.0-20160129215708-b43f31a4a966/go.mod h1:Mid70uvE93zn9wgF92A/r5ixgnvX8Lh68fxp9KQBaI0=
github.com/BurntSushi/xgb v0.0.0-20210121224620-deaf085860bc h1:7D+Bh06CRPCJO3gr2F7h1sriovOZ8BMhca2Rg85c2nk=
github.com/BurntSushi/xgb v0.0.0-20210121224620-deaf085860bc/go.mod h1:IVnqGOEym/WlBOVXweHU+Q+/VP0lqqI8lqeDx9IjBqo=
github.com/BurntSushi/xgbutil v0.0.0-20190907113008-ad855c713046 h1:O/r2Sj+8QcMF7V5IcmiE2sMFV2q3J47BEirxbXJAdzA=
github.com/BurntSushi/xgbutil v0.0.0-20190907113008-ad855c713046/go.mod h1:uw9h2sd4WWHOPdJ13MQpwK5qYWKYDumDqxWWIknEQ+k=
github.com/Microsoft/go-winio v0.6.2 h1:F2VQgta7ecxGYO8k3ZZz3RS8fVIXVxONVUPlNERoyfY=
github.com/Microsoft/go-winio v0.6.2/go.mod h1:yd8OoFMLzJbo9gZq8j5qaps8bJ9aShtEA8Ipt1oGCvU=
github.com/atotto/clipboard v0.1.4 h1:EH0zSVneZPSuFR11BlR9YppQTVDbh5+16AmcJi4g1z4=
github.com/atotto/clipboard v0.1.4/go.mod h1:ZY9tmq7sm5xIbd9bOK4onWV4S6X0u6GY7Vn0Yu86PYI=
github.com/caiguanhao/readqr v1.0.0 h1:axynewywpUyqZxFjKPtEbr97PzSOMrJsfn9bKkp+22w=
github.com/caiguanhao/readqr v1.0.0/go.mod h1:oaAqEl5Zt0XzeIJf7nCEzJFz4is8rfE+Vgiw8b07vMM=
github.com/davecgh/go-spew v1.1.1 h1:vj9j/u1bqnvCEfJOwUhtlOARqs3+rkHYY13jYWTU97c=
github.com/davecgh/go-spew v1.1.1/go.mod h1:J7Y8YcW2NihsgmVo/mv3lAwl/skON4iLHjSsI+c5H38=
github.com/disintegration/gift v1.2.1 h1:Y005a1X4Z7Uc+0gLpSAsKhWi4qLtsdEcMIbbdvdZ6pc=
github.com/disintegration/gift v1.2.1/go.mod h1:Jh2i7f7Q2BM7Ezno3PhfezbR1xpUg9dUg3/RlKGr4HI=
github.com/fogleman/gg v1.3.0 h1:/7zJX8F6AaYQc57WQCyN9cAIz+4bCJGO9B+dyW29am8=
github.com/fogleman/gg v1.3.0/go.mod h1:R/bRT+9gY/C5z7JzPU0zXsXHKM4/ayA+zqcVNZzPa1k=
github.com/fyne-io/oksvg v0.2.0 h1:mxcGU2dx6nwjJsSA9PCYZDuoAcsZ/OuJlvg/Q9Njfo8=
github.com/fyne-io/oksvg v0.2.0/go.mod h1:dJ9oEkPiWhnTFNCmRgEze+YNprJF7YRbpjgpWS4kzoI=
github.com/fynelabs/selfupdate v0.2.1 h1:jaU85o1tnzsyICg29YfQurQPlMV4oSHLmomFIGatsgk=
github.com/fynelabs/selfupdate v0.2.1/go.mod h1:V2z7H295LzTph5mYBnm3EDRN+oKf7G2VU5B0pc77jdw=
github.com/go-gl/glfw/v3.3/glfw v0.0.0-20260802143932-8fa725040a18 h1:c/72gzBO3eZPUVuHPnfyvt79XoIEi7KYGBY/8J/BpeI=
github.com/go-gl/glfw/v3.3/glfw v0.0.0-20260802143932-8fa725040a18/go.mod h1:SyRD8YfuKk+ZXlDqYiqe1qMSqjNgtHzBTG810KUagMc=
github.com/golang/freetype v0.0.0-20170609003504-e2365dfdc4a0 h1:DACJavvAHhabrF08vX0COfcOBJRhZ8lUbR+ZWIs0Y5g=
github.com/golang/freetype v0.0.0-20170609003504-e2365dfdc4a0/go.mod h1:E/TSTwGwJL78qG/PmXZO1EjYhfJinVAhrmmHX6Z8B9k=
github.com/jezek/xgb v1.3.0/go.mod h1:nrhwO0FX/enq75I7Y7G8iN1ubpSGZEiA3v9e9GyRFlk=
github.com/jezek/xgb v1.3.1 h1:NQCAEfQyzN+3RjWUSHBuVIxQcy2YfG3/mNvKfs/0rEg=
github.com/jezek/xgb v1.3.1/go.mod h1:nrhwO0FX/enq75I7Y7G8iN1ubpSGZEiA3v9e9GyRFlk=
github.com/jezek/xgbutil v0.0.0-20260124183602-9fd151d6a51a h1:byHoGvaqttgBKjxlRiJrgXpEGSEGaGSehCDAEOhWdmo=
github.com/jezek/xgbutil v0.0.0-20260124183602-9fd151d6a51a/go.mod h1:J+gHyFrSWnDEeTohhG6DSh048byYWPx4z0ndUu6OhYw=
github.com/jfreymuth/pulse v0.1.2 h1:t4+ItUuWLlQnulVDOL2eAotKk+utKJzK8ol0iybYAmQ=
github.com/jfreymuth/pulse v0.1.2/go.mod h1:cpYspI6YljhkUf1WLXLLDmeaaPFc3CnGLjDZf9dZ4no=
github.com/oakmound/alsa v0.0.2 h1:JbOUckkJqVvhABth7qy2JgAjqsWuBPggyoYOk1L6eK0=
github.com/oakmound/alsa v0.0.2/go.mod h1:wx+ehwqFnNL7foTwxxu2bKQlaUmD2oXd4ka1UBSgWAo=
github.com/oakmound/libudev v0.2.1 h1:gaXuw7Pbt3RSRxbUakAjl0dSW6Wo3TZWpwS5aMq8+EA=
github.com/oakmound/libudev v0.2.1/go.mod h1:zYF5CkHY+UP6lzWbPR+XoVAscl/s+OncWA//qWjMLUs=
github.com/oakmound/oak/v4 v4.1.2-0.20260810182644-8922d996f5bf h1:bJncy44+k+/QrbdllBEFsZYXH+wqK2kuodtP2ZID7M8=
github.com/oakmound/oak/v4 v4.1.2-0.20260810182644-8922d996f5bf/go.mod h1:bPu3tKLXzZvB8TFd+iPblrDMZ/15xMzjquGPYHYdYZg=
github.com/oakmound/w32 v2.1.0+incompatible h1:vIkC6eJVOaAnwTTOyiVCGh24GoryPRmcvWq3cekkG2U=
github.com/oakmound/w32 v2.1.0+incompatible/go.mod h1:lzloWlclSXIU4cDr67WF8qjFFDO8gHHBIk4Qqe90enQ=
github.com/oov/directsound-go v0.0.0-20141101201356-e53e59c700bf h1:od9gEl9UQ/QNHlgYlgsSaC5SZ+CGbvO2/PCIgserJc0=
github.com/oov/directsound-go v0.0.0-20141101201356-e53e59c700bf/go.mod h1:RBXkZ8n2vvtdJP6PO+TbU/N/DVuCDwUN53CU+C1pJOs=
github.com/pkg/browser v0.0.0-20240102092130-5ac0b6a4141c h1:+mdjkGKdHQG3305AYmdv1U2eRNDiU2ErMBj1gwrq8eQ=
github.com/pkg/browser v0.0.0-20240102092130-5ac0b6a4141c/go.mod h1:7rwL4CYBLnjLxUqIJNnCWiEdr3bn6IUYi15bNlnbCCU=
github.com/pkg/errors v0.9.1 h1:FEBLx1zS214owpjy7qsBeixbURkuhQAwrK5UwLGTwt4=
github.com/pkg/errors v0.9.1/go.mod h1:bwawxfHBFNV+L2hUp1rHADufV3IMtnDRdf1r5NINEl0=
github.com/pmezard/go-difflib v1.0.0 h1:4DBwDE0NGyQoBHbLQYPwSUPoCMWR5BEzIk/f1lZbAQM=
github.com/pmezard/go-difflib v1.0.0/go.mod h1:iKH77koFhYxTK1pcRnkKkqfTogsbg7gZNVY4sRDYZ/4=
github.com/srwiley/rasterx v0.0.0-20220730225603-2ab79fcdd4ef h1:Ch6Q+AZUxDBCVqdkI8FSpFyZDtCVBc2VmejdNrm5rRQ=
github.com/srwiley/rasterx v0.0.0-20220730225603-2ab79fcdd4ef/go.mod h1:nXTWP6+gD5+LUJ8krVhhoeHjvHTutPxMYl5SvkcnJNE=
github.com/stretchr/testify v1.11.1 h1:7s2iGBzp5EwR7/aIZr8ao5+dra3wiQyKjjFuvgVKu7U=
github.com/stretchr/testify v1.11.1/go.mod h1:wZwfW3scLgRK+23gO65QZefKpKQRnfz6sD981Nm4B6U=
github.com/yeqown/go-qrcode/v2 v2.2.5 h1:HCOe2bSjkhZyYoyyNaXNzh4DJZll6inVJQQw+8228Zk=
github.com/yeqown/go-qrcode/v2 v2.2.5/go.mod h1:uHpt9CM0V1HeXLz+Wg5MN50/sI/fQhfkZlOM+cOTHxw=
github.com/yeqown/go-qrcode/writer/standard v1.3.0 h1:chdyhEfRtUPgQtuPeaWVGQ/TQx4rE1PqeoW3U+53t34=
github.com/yeqown/go-qrcode/writer/standard v1.3.0/go.mod h1:O4MbzsotGCvy8upYPCR91j81dr5XLT7heuljcNXW+oQ=
github.com/yeqown/reedsolomon v1.0.0 h1:x1h/Ej/uJnNu8jaX7GLHBWmZKCAWjEJTetkqaabr4B0=
github.com/yeqown/reedsolomon v1.0.0/go.mod h1:P76zpcn2TCuL0ul1Fso373qHRc69LKwAw/Iy6g1WiiM=
golang.org/x/exp v0.0.0-20260810151157-a8b543ca52da h1:YKw1FZDyWyXXZcBxalRHz3CHieUKnKxanrbcO280Zwc=
golang.org/x/exp v0.0.0-20260810151157-a8b543ca52da/go.mod h1:EdfpwwqSu+0Li0mzskwHU6FWDV3t9Q+RZDo3QMUtL3Q=
golang.org/x/exp/shiny v0.0.0-20260810151157-a8b543ca52da h1:bo0dOpCtbdnUN6DToKnnFMCjj3vU63SAUIABTtxZ+ik=
golang.org/x/exp/shiny v0.0.0-20260810151157-a8b543ca52da/go.mod h1:JRiBNgSZB8uVKtHGrvbGDQ8p9Ghn3+lkFSk1KqRIiPc=
golang.org/x/image v0.44.0 h1:+tDekMZED9+LrtB3G5xzRggpVh9CARjZqROla3R3R+I=
golang.org/x/image v0.44.0/go.mod h1:V8K3KE9KKKE+pLpQDOeN18w9oacNSvy1tDOirTu4xtY=
golang.org/x/mobile v0.0.0-20260803200217-62cee1672c8e h1:hi1b7Lmv+xvnrjeEv8BoDmU7H/FAOuH7hEHSvjMl2VM=
golang.org/x/mobile v0.0.0-20260803200217-62cee1672c8e/go.mod h1:YX+n47s+53POxN3dx9cIGxG3hGUm/lD64hvrRJFbcSA=
golang.org/x/net v0.57.0 h1:K5+3DljvIuDG9/Jv9rvyMywYNFCQ9RSUY6OOTTkT+tE=
golang.org/x/net v0.57.0/go.mod h1:KpXc8iv+r3XplLAG/f7Jsf9RPszJzdR0f58q9vGOuEU=
golang.org/x/sync v0.22.0 h1:SZjpbeLmrCk4xhRSZFNZW5gFUeCeFgjekvI/+gfScek=
golang.org/x/sync v0.22.0/go.mod h1:9xrNwdLfx4jkKbNva9FpL6vEN7evnE43NNNJQ2LF3+0=
golang.org/x/sys v0.1.0/go.mod h1:oPkhp1MJrh7nUepCBck5+mAzfO9JrbApNNgaTdGDITg=
golang.org/x/sys v0.47.0 h1:o7XGOvZQCADBQQ4Y7VNq2dRWQR7JmOUW8Kxx4ZsNgWs=
golang.org/x/sys v0.47.0/go.mod h1:4GL1E5IUh+htKOUEOaiffhrAeqysfVGipDYzABqnCmw=
golang.org/x/text v0.40.0 h1:Ub2Z6/xjgF1WrYQz2nuITOEegKFtiIy+rieRJ5lHZKs=
golang.org/x/text v0.40.0/go.mod h1:hpnzDAfGV753zIKo+wk3u1bVKCGPbrnF7+7LBF/UHVY=
golang.org/x/xerrors v0.0.0-20220411194840-2f41105eb62f h1:GGU+dLjvlC3qDwqYgL6UgRmHXhOOgns0bZu2Ty5mm6U=
golang.org/x/xerrors v0.0.0-20220411194840-2f41105eb62f/go.mod h1:I/5z698sn9Ka8TeJc9MKroUUfqBBauWjQqLJ2OPfmY0=
gopkg.in/yaml.v3 v3.0.1 h1:fxVm/GzAzEWqLHuvctI91KS9hhNmmWOoWu0XTYJS7CA=
gopkg.in/yaml.v3 v3.0.1/go.mod h1:K4uyk7z7BCEPqu6E+C64Yfv1cQ7kz7rIZviUmN+EgEM=
